
Microsoft Visual Studio Solution File, Format Version 12.00
# Visual Studio Version 17
VisualStudioVersion = 17.1.32328.378
MinimumVisualStudioVersion = 10.0.40219.1
Project("{FAE04EC0-301F-11D3-BF4B-00C04F79EFBC}") = "01-ByteBank", "01-ByteBank\01-ByteBank.csproj", "{479AC896-0A94-4827-A0D8-9D5A9FC039B4}"
EndProject
Project("{FAE04EC0-301F-11D3-BF4B-00C04F79EFBC}") = "02-ByteBank", "02-ByteBank\02-ByteBank.csproj", "{2EAA5A60-37D1-4E9C-B568-0CB158B6A3BB}"
EndProject
Project("{FAE04EC0-301F-11D3-BF4B-00C04F79EFBC}") = "03-ByteBank", "03-ByteBank\03-ByteBank.csproj", "{56E1C6CC-DC90-4F9B-82CF-16ABEF6B6610}"
EndProject
Project("{FAE04EC0-301F-11D3-BF4B-00C04F79EFBC}") = "04-ByteBank", "04-ByteBank\04-ByteBank.csproj", "{8811A306-5103-4EF8-B8B5-BE38F1D8B2D0}"
EndProject
Project("{FAE04EC0-301F-11D3-BF4B-00C04F79EFBC}") = "05-ByteBank", "05-ByteBank\05-ByteBank.csproj", "{6EE6E87B-FF33-496F-9179-3485F406E953}"
EndProject
Project("{FAE04EC0-301F-11D3-BF4B-00C04F79EFBC}") = "06-ByteBank", "06-ByteBank\06-ByteBank.csproj", "{D0004336-0F83-434D-93CC-67E6E00E6DB7}"
EndProject
Project("{FAE04EC0-301F-11D3-BF4B-00C04F79EFBC}") = "07-ByteBank", "07-ByteBank\07-ByteBank.csproj", "{9A532BEE-5D26-455D-84BD-1BB2BC2D6B80}"
EndProject
Global
	GlobalSection(SolutionConfigurationPlatforms) = preSolution
		Debug|Any CPU = Debug|Any CPU
		Debug|x64 = Debug|x64
		Release|Any CPU = Release|Any CPU
		Release|x64 = Release|x64
	EndGlobalSection
	GlobalSection(ProjectConfigurationPlatforms) = postSolution
		{479AC896-0A94-4827-A0D8-9D5A9FC039B4}.Debug|Any CPU.ActiveCfg = Debug|Any CPU
		{479AC896-0A94-4827-A0D8-9D5A9FC039B4}.Debug|Any CPU.Build.0 = Debug|Any CPU
		{479AC896-0A94-4827-A0D8-9D5A9FC039B4}.Debug|x64.ActiveCfg = Debug|Any CPU
		{479AC896-0A94-4827-A0D8-9D5A9FC039B4}.Debug|x64.Build.0 = Debug|Any CPU
		{479AC896-0A94-4827-A0D8-9D5A9FC039B4}.Release|Any CPU.ActiveCfg = Release|Any CPU
		{479AC896-0A94-4827-A0D8-9D5A9FC039B4}.Release|Any CPU.Build.0 = Release|Any CPU
		{479AC896-0A94-4827-A0D8-9D5A9FC039B4}.Release|x64.ActiveCfg = Release|Any CPU
		{479AC896-0A94-4827-A0D8-9D5A9FC039B4}.Release|x64.Build.0 = Release|Any CPU
		{2EAA5A60-37D1-4E9C-B568-0CB158B6A3BB}.Debug|Any CPU.ActiveCfg = Debug|Any CPU
		{2EAA5A60-37D1-4E9C-B568-0CB158B6A3BB}.Debug|Any CPU.Build.0 = Debug|Any CPU
		{2EAA5A60-37D1-4E9C-B568-0CB158B6A3BB}.Debug|x64.ActiveCfg = Debug|x64
		{2EAA5A60-37D1-4E9C-B568-0CB158B6A3BB}.Debug|x64.Build.0 = Debug|x64
		{2EAA5A60-37D1-4E9C-B568-0CB158B6A3BB}.Release|Any CPU.ActiveCfg = Release|Any CPU
		{2EAA5A60-37D1-4E9C-B568-0CB158B6A3BB}.Release|Any CPU.Build.0 = Release|Any CPU
		{2EAA5A60-37D1-4E9C-B568-0CB158B6A3BB}.Release|x64.ActiveCfg = Release|x64
		{2EAA5A60-37D1-4E9C-B568-0CB158B6A3BB}.Release|x64.Build.0 = Release|x64
		{56E1C6CC-DC90-4F9B-82CF-16ABEF6B6610}.Debug|Any CPU.ActiveCfg = Debug|Any CPU
		{56E1C6CC-DC90-4F9B-82CF-16ABEF6B6610}.Debug|Any CPU.Build.0 = Debug|Any CPU
		{56E1C6CC-DC90-4F9B-82CF-16ABEF6B6610}.Debug|x64.ActiveCfg = Debug|Any CPU
		{56E1C6CC-DC90-4F9B-82CF-16ABEF6B6610}.Debug|x64.Build.0 = Debug|Any CPU
		{56E1C6CC-DC90-4F9B-82CF-16ABEF6B6610}.Release|Any CPU.ActiveCfg = Release|Any CPU
		{56E1C6CC-DC90-4F9B-82CF-16ABEF6B6610}.Release|Any CPU.Build.0 = Release|Any CPU
		{56E1C6CC-DC90-4F9B-82CF-16ABEF6B6610}.Release|x64.ActiveCfg = Release|Any CPU
		{56E1C6CC-DC90-4F9B-82CF-16ABEF6B6610}.Release|x64.Build.0 = Release|Any CPU
		{8811A306-5103-4EF8-B8B5-BE38F1D8B2D0}.Debug|Any CPU.ActiveCfg = Debug|Any CPU
		{8811A306-5103-4EF8-B8B5-BE38F1D8B2D0}.Debug|Any CPU.Build.0 = Debug|Any CPU
		{8811A306-5103-4EF8-B8B5-BE38F1D8B2D0}.Debug|x64.ActiveCfg = Debug|Any CPU
		{8811A306-5103-4EF8-B8B5-BE38F1D8B2D0}.Debug|x64.Build.0 = Debug|Any CPU
		{8811A306-5103-4EF8-B8B5-BE38F1D8B2D0}.Release|Any CPU.ActiveCfg = Release|Any CPU
		{8811A306-5103-4EF8-B8B5-BE38F1D8B2D0}.Release|Any CPU.Build.0 = Release|Any CPU
		{8811A306-5103-4EF8-B8B5-BE38F1D8B2D0}.Release|x64.ActiveCfg = Release|Any CPU
		{8811A306-5103-4EF8-B8B5-BE38F1D8B2D0}.Release|x64.Build.0 = Release|Any CPU
		{6EE6E87B-FF33-496F-9179-3485F406E953}.Debug|Any CPU.ActiveCfg = Debug|Any CPU
		{6EE6E87B-FF33-496F-9179-3485F406E953}.Debug|Any CPU.Build.0 = Debug|Any CPU
		{6EE6E87B-FF33-496F-9179-3485F406E953}.Debug|x64.ActiveCfg = Debug|Any CPU
		{6EE6E87B-FF33-496F-9179-3485F406E953}.Debug|x64.Build.0 = Debug|Any CPU
		{6EE6E87B-FF33-496F-9179-3485F406E953}.Release|Any CPU.ActiveCfg = Release|Any CPU
		{6EE6E87B-FF33-496F-9179-3485F406E953}.Release|Any CPU.Build.0 = Release|Any CPU
		{6EE6E87B-FF33-496F-9179-3485F406E953}.Release|x64.ActiveCfg = Release|Any CPU
		{6EE6E87B-FF33-496F-9179-3485F406E953}.Release|x64.Build.0 = Release|Any CPU
		{D0004336-0F83-434D-93CC-67E6E00E6DB7}.Debug|Any CPU.ActiveCfg = Debug|Any CPU
		{D0004336-0F83-434D-93CC-67E6E00E6DB7}.Debug|Any CPU.Build.0 = Debug|Any CPU
		{D0004336-0F83-434D-93CC-67E6E00E6DB7}.Debug|x64.ActiveCfg = Debug|Any CPU
		{D0004336-0F83-434D-93CC-67E6E00E6DB7}.Debug|x64.Build.0 = Debug|Any CPU
		{D0004336-0F83-434D-93CC-67E6E00E6DB7}.Release|Any CPU.ActiveCfg = Release|Any CPU
		{D0004336-0F83-434D-93CC-67E6E00E6DB7}.Release|Any CPU.Build.0 = Release|Any CPU
		{D0004336-0F83-434D-93CC-67E6E00E6DB7}.Release|x64.ActiveCfg = Release|Any CPU
		{D0004336-0F83-434D-93CC-67E6E00E6DB7}.Release|x64.Build.0 = Release|Any CPU
		{9A532BEE-5D26-455D-84BD-1BB2BC2D6B80}.Debug|Any CPU.ActiveCfg = Debug|Any CPU
		{9A532BEE-5D26-455D-84BD-1BB2BC2D6B80}.Debug|Any CPU.Build.0 = Debug|Any CPU
		{9A532BEE-5D26-455D-84BD-1BB2BC2D6B80}.Debug|x64.ActiveCfg = Debug|Any CPU
		{9A532BEE-5D26-455D-84BD-1BB2BC2D6B80}.Debug|x64.Build.0 = Debug|Any CPU
		{9A532BEE-5D26-455D-84BD-1BB2BC2D6B80}.Release|Any CPU.ActiveCfg = Release|Any CPU
		{9A532BEE-5D26-455D-84BD-1BB2BC2D6B80}.Release|Any CPU.Build.0 = Release|Any CPU
		{9A532BEE-5D26-455D-84BD-1BB2BC2D6B80}.Release|x64.ActiveCfg = Release|Any CPU
		{9A532BEE-5D26-455D-84BD-1BB2BC2D6B80}.Release|x64.Build.0 = Release|Any CPU
	EndGlobalSection
	GlobalSection(SolutionProperties) = preSolution
		HideSolutionNode = FALSE
	EndGlobalSection
	GlobalSection(ExtensibilityGlobals) = postSolution
		SolutionGuid = {BA793719-63D2-49A6-8F22-78D2A89FEEC3}
	EndGlobalSection
EndGlobal
